{
  "name": "markdown-canvas",
  "version": "1.0.0",
  "lockfileVersion": 3,
  "requires": true,
  "packages": {
    "": {
      "name": "markdown-canvas",
      "version": "1.0.0",
      "dependencies": {
        "@github/copilot-sdk": "latest"
      }
    },
    "node_modules/@github/copilot": {
      "version": "1.0.78",
      "resolved": "https://registry.npmjs.org/@github/copilot/-/copilot-1.0.78.tgz",
      "integrity": "sha512-jn+8HLZC3R7d6K1/1g9L1iWNKzBVS3JdVcx40r3aWyS5r+MLV1OPNp0fo5OfRMCDIm3NmEaaoqypi9sQkCXuiQ==",
      "license": "SEE LICENSE IN LICENSE.md",
      "dependencies": {
        "detect-libc": "^2.1.2"
      },
      "bin": {
        "copilot": "npm-loader.js"
      },
      "optionalDependencies": {
        "@github/copilot-darwin-arm64": "1.0.78",
        "@github/copilot-darwin-x64": "1.0.78",
        "@github/copilot-linux-arm64": "1.0.78",
        "@github/copilot-linux-x64": "1.0.78",
        "@github/copilot-linuxmusl-arm64": "1.0.78",
        "@github/copilot-linuxmusl-x64": "1.0.78",
        "@github/copilot-win32-arm64": "1.0.78",
        "@github/copilot-win32-x64": "1.0.78"
      }
    },
    "node_modules/@github/copilot-darwin-arm64": {
      "version": "1.0.78",
      "resolved": "https://registry.npmjs.org/@github/copilot-darwin-arm64/-/copilot-darwin-arm64-1.0.78.tgz",
      "integrity": "sha512-P11+VyWg8ad0WlywGtO2d7AxqTLJv4hkUicFg6Ycth5lfk00aCu/74YOOZSPO6C2bBBJhAza7oAdmauM6KEojw==",
      "cpu": [
        "arm64"
      ],
      "license": "SEE LICENSE IN LICENSE.md",
      "optional": true,
      "os": [
        "darwin"
      ],
      "bin": {
        "copilot-darwin-arm64": "copilot"
      }
    },
    "node_modules/@github/copilot-darwin-x64": {
      "version": "1.0.78",
      "resolved": "https://registry.npmjs.org/@github/copilot-darwin-x64/-/copilot-darwin-x64-1.0.78.tgz",
      "integrity": "sha512-stimP3WDFs2GU8nJzTJbtRpZViV4bsf80yg7QrFq+G4RISQ3Nihg/3/H0U6UQF1+txMJ/Ohmb5RFYxSw1Hj2sw==",
      "cpu": [
        "x64"
      ],
      "license": "SEE LICENSE IN LICENSE.md",
      "optional": true,
      "os": [
        "darwin"
      ],
      "bin": {
        "copilot-darwin-x64": "copilot"
      }
    },
    "node_modules/@github/copilot-linux-arm64": {
      "version": "1.0.78",
      "resolved": "https://registry.npmjs.org/@github/copilot-linux-arm64/-/copilot-linux-arm64-1.0.78.tgz",
      "integrity": "sha512-K31PRKGTm252V1Lof7ypjg283R2QSm3BgoCvZfX2taos4wqC3SaTozSQKwW3dgrAx7A3G3SGEoilVCNqfigdZA==",
      "cpu": [
        "arm64"
      ],
      "libc": [
        "glibc"
      ],
      "license": "SEE LICENSE IN LICENSE.md",
      "optional": true,
      "os": [
        "linux"
      ],
      "bin": {
        "copilot-linux-arm64": "copilot"
      }
    },
    "node_modules/@github/copilot-linux-x64": {
      "version": "1.0.78",
      "resolved": "https://registry.npmjs.org/@github/copilot-linux-x64/-/copilot-linux-x64-1.0.78.tgz",
      "integrity": "sha512-QK3oMtAn9dIv+1u1kx0xNpZNtZxdI+uZVIyLl7myp+Oh2Uj8BLagVv6a7uP0cDphO3TgfIdlvpepCe5MIcx0fw==",
      "cpu": [
        "x64"
      ],
      "libc": [
        "glibc"
      ],
      "license": "SEE LICENSE IN LICENSE.md",
      "optional": true,
      "os": [
        "linux"
      ],
      "bin": {
        "copilot-linux-x64": "copilot"
      }
    },
    "node_modules/@github/copilot-linuxmusl-arm64": {
      "version": "1.0.78",
      "resolved": "https://registry.npmjs.org/@github/copilot-linuxmusl-arm64/-/copilot-linuxmusl-arm64-1.0.78.tgz",
      "integrity": "sha512-F/0cTMsz6ug4yiXn3RKaCAMsLR261U5Njb6G9Y/HeAI7ES/tKEo2t5SHuvgXaIH4mYiZsRvfDKdX7c0WgBX/Jg==",
      "cpu": [
        "arm64"
      ],
      "libc": [
        "musl"
      ],
      "license": "SEE LICENSE IN LICENSE.md",
      "optional": true,
      "os": [
        "linux"
      ],
      "bin": {
        "copilot-linuxmusl-arm64": "copilot"
      }
    },
    "node_modules/@github/copilot-linuxmusl-x64": {
      "version": "1.0.78",
      "resolved": "https://registry.npmjs.org/@github/copilot-linuxmusl-x64/-/copilot-linuxmusl-x64-1.0.78.tgz",
      "integrity": "sha512-YMaJaeBGbArGAFYel+yFaFW/0rFgh0Oqki2f2mUtlonTX/xHr8EB4+mTnMJkHYMFy4gOTC3OtSEEe1NaW/cBXQ==",
      "cpu": [
        "x64"
      ],
      "libc": [
        "musl"
      ],
      "license": "SEE LICENSE IN LICENSE.md",
      "optional": true,
      "os": [
        "linux"
      ],
      "bin": {
        "copilot-linuxmusl-x64": "copilot"
      }
    },
    "node_modules/@github/copilot-sdk": {
      "version": "1.0.8",
      "resolved": "https://registry.npmjs.org/@github/copilot-sdk/-/copilot-sdk-1.0.8.tgz",
      "integrity": "sha512-dbahVsyt2aX8qqtOOtmYNe40MnvzSvOSHYFFgoFK7gHZSTNz9QgOht8b1sCCJlcXaFAn/w+5qNc7CwWoCjpQ0g==",
      "license": "MIT",
      "dependencies": {
        "@github/copilot": "^1.0.73",
        "koffi": "^3.1.0",
        "vscode-jsonrpc": "^8.2.1",
        "zod": "^4.3.6"
      },
      "engines": {
        "node": "^20.19.0 || >=22.12.0"
      }
    },
    "node_modules/@github/copilot-win32-arm64": {
      "version": "1.0.78",
      "resolved": "https://registry.npmjs.org/@github/copilot-win32-arm64/-/copilot-win32-arm64-1.0.78.tgz",
      "integrity": "sha512-ktDkFXaaecEKD3hpM6ydM9lKOdoCfsQsXCmzLzE7DCmSpbbMCdfPfWfZ7MOclmKmpZ5/MNfr4U2l8CUqGerzYA==",
      "cpu": [
        "arm64"
      ],
      "license": "SEE LICENSE IN LICENSE.md",
      "optional": true,
      "os": [
        "win32"
      ],
      "bin": {
        "copilot-win32-arm64": "copilot.exe"
      }
    },
    "node_modules/@github/copilot-win32-x64": {
      "version": "1.0.78",
      "resolved": "https://registry.npmjs.org/@github/copilot-win32-x64/-/copilot-win32-x64-1.0.78.tgz",
      "integrity": "sha512-Gd8l2T4eqYEWlOEPd0SZznQ+YYgYrwOkE0QXodMkhCBbPdgu/uTzb7mnISWwnVAgqs7pONdF1GOpHkTo+ay8CQ==",
      "cpu": [
        "x64"
      ],
      "license": "SEE LICENSE IN LICENSE.md",
      "optional": true,
      "os": [
        "win32"
      ],
      "bin": {
        "copilot-win32-x64": "copilot.exe"
      }
    },
    "node_modules/@koromix/koffi-darwin-arm64": {
      "version": "3.1.4",
      "resolved": "https://registry.npmjs.org/@koromix/koffi-darwin-arm64/-/koffi-darwin-arm64-3.1.4.tgz",
      "integrity": "sha512-/9o0uahf25sNXz7CczfMAsgdHrrrkDK3/d1W5ygJUC7QnpWo80103yTYpYahWP3vTABK5yjzKtURgssv1paskA==",
      "cpu": [
        "arm64"
      ],
      "license": "MIT",
      "optional": true,
      "os": [
        "darwin"
      ],
      "funding": {
        "url": "https://liberapay.com/Koromix"
      }
    },
    "node_modules/@koromix/koffi-darwin-x64": {
      "version": "3.1.4",
      "resolved": "https://registry.npmjs.org/@koromix/koffi-darwin-x64/-/koffi-darwin-x64-3.1.4.tgz",
      "integrity": "sha512-6IOhfAHbrySr6lYRU720Hg+IMQvtMpN08k9Ppf9WF8NxYRdHLnW1FJm7zCbClfrwudtjhS/piwDYwgAkO5u8cg==",
      "cpu": [
        "x64"
      ],
      "license": "MIT",
      "optional": true,
      "os": [
        "darwin"
      ],
      "funding": {
        "url": "https://liberapay.com/Koromix"
      }
    },
    "node_modules/@koromix/koffi-freebsd-arm64": {
      "version": "3.1.4",
      "resolved": "https://registry.npmjs.org/@koromix/koffi-freebsd-arm64/-/koffi-freebsd-arm64-3.1.4.tgz",
      "integrity": "sha512-JKCWC0awdVvq7Nd/etn4PXFTa7uvyHn7IzqtaOZ3r4dJRdwQVby7Ai/wsQo8UUrJfAYlALkLYgFgU8wgsnAE/A==",
      "cpu": [
        "arm64"
      ],
      "license": "MIT",
      "optional": true,
      "os": [
        "freebsd"
      ],
      "funding": {
        "url": "https://liberapay.com/Koromix"
      }
    },
    "node_modules/@koromix/koffi-freebsd-ia32": {
      "version": "3.1.4",
      "resolved": "https://registry.npmjs.org/@koromix/koffi-freebsd-ia32/-/koffi-freebsd-ia32-3.1.4.tgz",
      "integrity": "sha512-gU9pShDRLMZzftdGW+mTzyL8Cpa/7nzHPHe5vFakjGgtIzVFzdFBqwli4oB+tFsx44W1VqMMlvMMVlnz54ERiQ==",
      "cpu": [
        "ia32"
      ],
      "license": "MIT",
      "optional": true,
      "os": [
        "freebsd"
      ],
      "funding": {
        "url": "https://liberapay.com/Koromix"
      }
    },
    "node_modules/@koromix/koffi-freebsd-x64": {
      "version": "3.1.4",
      "resolved": "https://registry.npmjs.org/@koromix/koffi-freebsd-x64/-/koffi-freebsd-x64-3.1.4.tgz",
      "integrity": "sha512-2kppLX97xBM3WoQET6noN4W02zT2fkFRXHYluAwcCcmkEax8AVJ1CYs6hxcZ3kaNPc+5P7yMw3V/b1lg2v3aMw==",
      "cpu": [
        "x64"
      ],
      "license": "MIT",
      "optional": true,
      "os": [
        "freebsd"
      ],
      "funding": {
        "url": "https://liberapay.com/Koromix"
      }
    },
    "node_modules/@koromix/koffi-linux-arm64": {
      "version": "3.1.4",
      "resolved": "https://registry.npmjs.org/@koromix/koffi-linux-arm64/-/koffi-linux-arm64-3.1.4.tgz",
      "integrity": "sha512-yYbypuGVGqrNchkAMY59kj+7TZ1c1u9lXRG1+74X9T8G4rOaushoVONNYLuu+ygpbwsKzz/NvEDtRioRU/dQlQ==",
      "cpu": [
        "arm64"
      ],
      "license": "MIT",
      "optional": true,
      "os": [
        "linux"
      ],
      "funding": {
        "url": "https://liberapay.com/Koromix"
      }
    },
    "node_modules/@koromix/koffi-linux-ia32": {
      "version": "3.1.4",
      "resolved": "https://registry.npmjs.org/@koromix/koffi-linux-ia32/-/koffi-linux-ia32-3.1.4.tgz",
      "integrity": "sha512-IoA/8Qfc6ZEmwMw2Nf4aSp9RfJnxh0UHhdqD4FsVXm0vC797kLMuzj744vv5tll+waVfjrU10jREqjtnMVFoQw==",
      "cpu": [
        "ia32"
      ],
      "license": "MIT",
      "optional": true,
      "os": [
        "linux"
      ],
      "funding": {
        "url": "https://liberapay.com/Koromix"
      }
    },
    "node_modules/@koromix/koffi-linux-loong64": {
      "version": "3.1.4",
      "resolved": "https://registry.npmjs.org/@koromix/koffi-linux-loong64/-/koffi-linux-loong64-3.1.4.tgz",
      "integrity": "sha512-ZUTdea+9dg6CV9J9CIGbhTh0FtSBgvcGKqDrlp9BVQF71jEDKOri1by/TrDe8yQUyC5kzWN8vWnkzES5wT0xDg==",
      "cpu": [
        "loong64"
      ],
      "license": "MIT",
      "optional": true,
      "os": [
        "linux"
      ],
      "funding": {
        "url": "https://liberapay.com/Koromix"
      }
    },
    "node_modules/@koromix/koffi-linux-riscv64": {
      "version": "3.1.4",
      "resolved": "https://registry.npmjs.org/@koromix/koffi-linux-riscv64/-/koffi-linux-riscv64-3.1.4.tgz",
      "integrity": "sha512-CINyyhNYV/8MX52MGhYcik2G6PXH+KEU2JEO7dOONlsGol4lSGyW40RvYA4RQgNYk8q8imGSEScL08X8eOXnaA==",
      "cpu": [
        "riscv64"
      ],
      "license": "MIT",
      "optional": true,
      "os": [
        "linux"
      ],
      "funding": {
        "url": "https://liberapay.com/Koromix"
      }
    },
    "node_modules/@koromix/koffi-linux-x64": {
      "version": "3.1.4",
      "resolved": "https://registry.npmjs.org/@koromix/koffi-linux-x64/-/koffi-linux-x64-3.1.4.tgz",
      "integrity": "sha512-x3XnAy/tUTTCX/gMpV7VJNpOQIVQvzNhNYDrpyIeS9Q8/f1qLsE0vp0tj7A/YEDIfMVLqoJtyamfRJc04+vk4w==",
      "cpu": [
        "x64"
      ],
      "license": "MIT",
      "optional": true,
      "os": [
        "linux"
      ],
      "funding": {
        "url": "https://liberapay.com/Koromix"
      }
    },
    "node_modules/@koromix/koffi-openbsd-ia32": {
      "version": "3.1.4",
      "resolved": "https://registry.npmjs.org/@koromix/koffi-openbsd-ia32/-/koffi-openbsd-ia32-3.1.4.tgz",
      "integrity": "sha512-r9p/fffvmBm7+iT5BZ+c17gZJ280jvmbinrPZqjG14rF9I4lk7xrlV79YfsexkeN4mcPjF2hSPtbMNFBoQU3Dw==",
      "cpu": [
        "ia32"
      ],
      "license": "MIT",
      "optional": true,
      "os": [
        "openbsd"
      ],
      "funding": {
        "url": "https://liberapay.com/Koromix"
      }
    },
    "node_modules/@koromix/koffi-openbsd-x64": {
      "version": "3.1.4",
      "resolved": "https://registry.npmjs.org/@koromix/koffi-openbsd-x64/-/koffi-openbsd-x64-3.1.4.tgz",
      "integrity": "sha512-SNp5AxOzheC2YaWPu3Y86wxRHHWf6V9NMl5Ot5nu9OpnP61Yinzug7JwsCeXtcZZTbKLsfsWoT7y4n17UYpOVA==",
      "cpu": [
        "x64"
      ],
      "license": "MIT",
      "optional": true,
      "os": [
        "openbsd"
      ],
      "funding": {
        "url": "https://liberapay.com/Koromix"
      }
    },
    "node_modules/@koromix/koffi-win32-arm64": {
      "version": "3.1.4",
      "resolved": "https://registry.npmjs.org/@koromix/koffi-win32-arm64/-/koffi-win32-arm64-3.1.4.tgz",
      "integrity": "sha512-oS8ETU35AelOD6DY7xmmz9qq26Xl38upXWiZbsdxbtH9UEIY0QpenQOuCK/0+q4CtfiLorRUlglGkO9YgPAIeA==",
      "cpu": [
        "arm64"
      ],
      "license": "MIT",
      "optional": true,
      "os": [
        "win32"
      ],
      "funding": {
        "url": "https://liberapay.com/Koromix"
      }
    },
    "node_modules/@koromix/koffi-win32-ia32": {
      "version": "3.1.4",
      "resolved": "https://registry.npmjs.org/@koromix/koffi-win32-ia32/-/koffi-win32-ia32-3.1.4.tgz",
      "integrity": "sha512-zd7Qh8s4fzblD9zzuDf44XCbujYg3QrffhgcNJg79/YC6ABT2m0CUtX4yFic9EWm2ps8NPAM25kCTCXPpt3eaw==",
      "cpu": [
        "ia32"
      ],
      "license": "MIT",
      "optional": true,
      "os": [
        "win32"
      ],
      "funding": {
        "url": "https://liberapay.com/Koromix"
      }
    },
    "node_modules/@koromix/koffi-win32-x64": {
      "version": "3.1.4",
      "resolved": "https://registry.npmjs.org/@koromix/koffi-win32-x64/-/koffi-win32-x64-3.1.4.tgz",
      "integrity": "sha512-BPeQXc1bRd0QBOklvsP+AjoRnUzKbPNE6rfx7VNxrebhh09MKld2ibstgKWn6ejQLEcfKEoUJ+WAWIhX4AOsIg==",
      "cpu": [
        "x64"
      ],
      "license": "MIT",
      "optional": true,
      "os": [
        "win32"
      ],
      "funding": {
        "url": "https://liberapay.com/Koromix"
      }
    },
    "node_modules/detect-libc": {
      "version": "2.1.2",
      "resolved": "https://registry.npmjs.org/detect-libc/-/detect-libc-2.1.2.tgz",
      "integrity": "sha512-Btj2BOOO83o3WyH59e8MgXsxEQVcarkUOpEYrubB0urwnN10yQ364rsiByU11nZlqWYZm05i/of7io4mzihBtQ==",
      "license": "Apache-2.0",
      "engines": {
        "node": ">=8"
      }
    },
    "node_modules/koffi": {
      "version": "3.1.4",
      "resolved": "https://registry.npmjs.org/koffi/-/koffi-3.1.4.tgz",
      "integrity": "sha512-KHX39XIg7afe8ds+0MHPoLiKR9dCzsVK4oAmBUSaeJlcX0xur22f15C2DILbZ6GJ9eyqC+e6Sb1cTG7M17z+Tg==",
      "hasInstallScript": true,
      "license": "MIT",
      "funding": {
        "url": "https://liberapay.com/Koromix"
      },
      "optionalDependencies": {
        "@koromix/koffi-darwin-arm64": "3.1.4",
        "@koromix/koffi-darwin-x64": "3.1.4",
        "@koromix/koffi-freebsd-arm64": "3.1.4",
        "@koromix/koffi-freebsd-ia32": "3.1.4",
        "@koromix/koffi-freebsd-x64": "3.1.4",
        "@koromix/koffi-linux-arm64": "3.1.4",
        "@koromix/koffi-linux-ia32": "3.1.4",
        "@koromix/koffi-linux-loong64": "3.1.4",
        "@koromix/koffi-linux-riscv64": "3.1.4",
        "@koromix/koffi-linux-x64": "3.1.4",
        "@koromix/koffi-openbsd-ia32": "3.1.4",
        "@koromix/koffi-openbsd-x64": "3.1.4",
        "@koromix/koffi-win32-arm64": "3.1.4",
        "@koromix/koffi-win32-ia32": "3.1.4",
        "@koromix/koffi-win32-x64": "3.1.4"
      }
    },
    "node_modules/vscode-jsonrpc": {
      "version": "8.2.1",
      "resolved": "https://registry.npmjs.org/vscode-jsonrpc/-/vscode-jsonrpc-8.2.1.tgz",
      "integrity": "sha512-kdjOSJ2lLIn7r1rtrMbbNCHjyMPfRnowdKjBQ+mGq6NAW5QY2bEZC/khaC5OR8svbbjvLEaIXkOq45e2X9BIbQ==",
      "license": "MIT",
      "engines": {
        "node": ">=14.0.0"
      }
    },
    "node_modules/zod": {
      "version": "4.4.3",
      "resolved": "https://registry.npmjs.org/zod/-/zod-4.4.3.tgz",
      "integrity": "sha512-ytENFjIJFl2UwYglde2jchW2Hwm4GJFLDiSXWdTrJQBIN9Fcyp7n4DhxJEiWNAJMV1/BqWfW/kkg71UDcHJyTQ==",
      "license": "MIT",
      "funding": {
        "url": "https://github.com/sponsors/colinhacks"
      }
    }
  }
}
